// !$*UTF8*$!
{
	archiveVersion = 1;
	classes = {
	};
	objectVersion = 50;
	objects = {

/* Begin PBXBuildFile section */
		3140E88E9B85059D8332B039 /* Pods_ListGithub_ListGithubUITests.framework in Frameworks */ = {isa = PBXBuildFile; fileRef = F101D59455E441891F4D9E1E /* Pods_ListGithub_ListGithubUITests.framework */; };
		68FCF37A88BA1EEF69ACE351 /* Pods_ListGithubTests.framework in Frameworks */ = {isa = PBXBuildFile; fileRef = 31657A6DD95A34A48C9CF9A7 /* Pods_ListGithubTests.framework */; };
		6DD0B9FD2387F0EA0041EF4D /* AppDelegate.swift in Sources */ = {isa = PBXBuildFile; fileRef = 6DD0B9FC2387F0EA0041EF4D /* AppDelegate.swift */; };
		6DD0B9FF2387F0EA0041EF4D /* SceneDelegate.swift in Sources */ = {isa = PBXBuildFile; fileRef = 6DD0B9FE2387F0EA0041EF4D /* SceneDelegate.swift */; };
		6DD0BA012387F0EA0041EF4D /* ViewController.swift in Sources */ = {isa = PBXBuildFile; fileRef = 6DD0BA002387F0EA0041EF4D /* ViewController.swift */; };
		6DD0BA042387F0EA0041EF4D /* Main.storyboard in Resources */ = {isa = PBXBuildFile; fileRef = 6DD0BA022387F0EA0041EF4D /* Main.storyboard */; };
		6DD0BA062387F0EC0041EF4D /* Assets.xcassets in Resources */ = {isa = PBXBuildFile; fileRef = 6DD0BA052387F0EC0041EF4D /* Assets.xcassets */; };
		6DD0BA092387F0EC0041EF4D /* LaunchScreen.storyboard in Resources */ = {isa = PBXBuildFile; fileRef = 6DD0BA072387F0EC0041EF4D /* LaunchScreen.storyboard */; };
		6DD0BA142387F0EC0041EF4D /* ListGithubTests.swift in Sources */ = {isa = PBXBuildFile; fileRef = 6DD0BA132387F0EC0041EF4D /* ListGithubTests.swift */; };
		6DD0BA1F2387F0EC0041EF4D /* ListGithubUITests.swift in Sources */ = {isa = PBXBuildFile; fileRef = 6DD0BA1E2387F0EC0041EF4D /* ListGithubUITests.swift */; };
		F6B5DC2E2F3AED3E991F1846 /* Pods_ListGithub.framework in Frameworks */ = {isa = PBXBuildFile; fileRef = 5E84D11E4F1486AC771EA4B2 /* Pods_ListGithub.framework */; };
/* End PBXBuildFile section */

/* Begin PBXContainerItemProxy section */
		6DD0BA102387F0EC0041EF4D /* PBXContainerItemProxy */ = {
			isa = PBXContainerItemProxy;
			containerPortal = 6DD0B9F12387F0EA0041EF4D /* Project object */;
			proxyType = 1;
			remoteGlobalIDString = 6DD0B9F82387F0EA0041EF4D;
			remoteInfo = ListGithub;
		};
		6DD0BA1B2387F0EC0041EF4D /* PBXContainerItemProxy */ = {
			isa = PBXContainerItemProxy;
			containerPortal = 6DD0B9F12387F0EA0041EF4D /* Project object */;
			proxyType = 1;
			remoteGlobalIDString = 6DD0B9F82387F0EA0041EF4D;
			remoteInfo = ListGithub;
		};
/* End PBXContainerItemProxy section */

/* Begin PBXFileReference section */
		1EC7C865EF3DE2097836F98E /* Pods-ListGithub-ListGithubUITests.release.xcconfig */ = {isa = PBXFileReference; includeInIndex = 1; lastKnownFileType = text.xcconfig; name = "Pods-ListGithub-ListGithubUITests.release.xcconfig"; path = "Target Support Files/Pods-ListGithub-ListGithubUITests/Pods-ListGithub-ListGithubUITests.release.xcconfig"; sourceTree = "<group>"; };
		31657A6DD95A34A48C9CF9A7 /* Pods_ListGithubTests.framework */ = {isa = PBXFileReference; explicitFileType = wrapper.framework; includeInIndex = 0; path = Pods_ListGithubTests.framework; sourceTree = BUILT_PRODUCTS_DIR; };
		31CD6A5ACCBE86EDAF8616CA /* Pods-ListGithub-ListGithubUITests.debug.xcconfig */ = {isa = PBXFileReference; includeInIndex = 1; lastKnownFileType = text.xcconfig; name = "Pods-ListGithub-ListGithubUITests.debug.xcconfig"; path = "Target Support Files/Pods-ListGithub-ListGithubUITests/Pods-ListGithub-ListGithubUITests.debug.xcconfig"; sourceTree = "<group>"; };
		51B07197FD58BF136FEA9AE8 /* Pods-ListGithubTests.release.xcconfig */ = {isa = PBXFileReference; includeInIndex = 1; lastKnownFileType = text.xcconfig; name = "Pods-ListGithubTests.release.xcconfig"; path = "Target Support Files/Pods-ListGithubTests/Pods-ListGithubTests.release.xcconfig"; sourceTree = "<group>"; };
		5E84D11E4F1486AC771EA4B2 /* Pods_ListGithub.framework */ = {isa = PBXFileReference; explicitFileType = wrapper.framework; includeInIndex = 0; path = Pods_ListGithub.framework; sourceTree = BUILT_PRODUCTS_DIR; };
		5F53E1D85C4CE13613335DE7 /* Pods-ListGithubTests.debug.xcconfig */ = {isa = PBXFileReference; includeInIndex = 1; lastKnownFileType = text.xcconfig; name = "Pods-ListGithubTests.debug.xcconfig"; path = "Target Support Files/Pods-ListGithubTests/Pods-ListGithubTests.debug.xcconfig"; sourceTree = "<group>"; };
		6DD0B9F92387F0EA0041EF4D /* ListGithub.app */ = {isa = PBXFileReference; explicitFileType = wrapper.application; includeInIndex = 0; path = ListGithub.app; sourceTree = BUILT_PRODUCTS_DIR; };
		6DD0B9FC2387F0EA0041EF4D /* AppDelegate.swift */ = {isa = PBXFileReference; lastKnownFileType = sourcecode.swift; path = AppDelegate.swift; sourceTree = "<group>"; };
		6DD0B9FE2387F0EA0041EF4D /* SceneDelegate.swift */ = {isa = PBXFileReference; lastKnownFileType = sourcecode.swift; path = SceneDelegate.swift; sourceTree = "<group>"; };
		6DD0BA002387F0EA0041EF4D /* ViewController.swift */ = {isa = PBXFileReference; lastKnownFileType = sourcecode.swift; path = ViewController.swift; sourceTree = "<group>"; };
		6DD0BA032387F0EA0041EF4D /* Base */ = {isa = PBXFileReference; lastKnownFileType = file.storyboard; name = Base; path = Base.lproj/Main.storyboard; sourceTree = "<group>"; };
		6DD0BA052387F0EC0041EF4D /* Assets.xcassets */ = {isa = PBXFileReference; lastKnownFileType = folder.assetcatalog; path = Assets.xcassets; sourceTree = "<group>"; };
		6DD0BA082387F0EC0041EF4D /* Base */ = {isa = PBXFileReference; lastKnownFileType = file.storyboard; name = Base; path = Base.lproj/LaunchScreen.storyboard; sourceTree = "<group>"; };
		6DD0BA0A2387F0EC0041EF4D /* Info.plist */ = {isa = PBXFileReference; lastKnownFileType = text.plist.xml; path = Info.plist; sourceTree = "<group>"; };
		6DD0BA0F2387F0EC0041EF4D /* ListGithubTests.xctest */ = {isa = PBXFileReference; explicitFileType = wrapper.cfbundle; includeInIndex = 0; path = ListGithubTests.xctest; sourceTree = BUILT_PRODUCTS_DIR; };
		6DD0BA132387F0EC0041EF4D /* ListGithubTests.swift */ = {isa = PBXFileReference; lastKnownFileType = sourcecode.swift; path = ListGithubTests.swift; sourceTree = "<group>"; };
		6DD0BA152387F0EC0041EF4D /* Info.plist */ = {isa = PBXFileReference; lastKnownFileType = text.plist.xml; path = Info.plist; sourceTree = "<group>"; };
		6DD0BA1A2387F0EC0041EF4D /* ListGithubUITests.xctest */ = {isa = PBXFileReference; explicitFileType = wrapper.cfbundle; includeInIndex = 0; path = ListGithubUITests.xctest; sourceTree = BUILT_PRODUCTS_DIR; };
		6DD0BA1E2387F0EC0041EF4D /* ListGithubUITests.swift */ = {isa = PBXFileReference; lastKnownFileType = sourcecode.swift; path = ListGithubUITests.swift; sourceTree = "<group>"; };
		6DD0BA202387F0EC0041EF4D /* Info.plist */ = {isa = PBXFileReference; lastKnownFileType = text.plist.xml; path = Info.plist; sourceTree = "<group>"; };
		A62FA4C69067E583772A33A7 /* Pods-ListGithub.debug.xcconfig */ = {isa = PBXFileReference; includeInIndex = 1; lastKnownFileType = text.xcconfig; name = "Pods-ListGithub.debug.xcconfig"; path = "Target Support Files/Pods-ListGithub/Pods-ListGithub.debug.xcconfig"; sourceTree = "<group>"; };
		CE466E831A428003BBCFD063 /* Pods-ListGithub.release.xcconfig */ = {isa = PBXFileReference; includeInIndex = 1; lastKnownFileType = text.xcconfig; name = "Pods-ListGithub.release.xcconfig"; path = "Target Support Files/Pods-ListGithub/Pods-ListGithub.release.xcconfig"; sourceTree = "<group>"; };
		F101D59455E441891F4D9E1E /* Pods_ListGithub_ListGithubUITests.framework */ = {isa = PBXFileReference; explicitFileType = wrapper.framework; includeInIndex = 0; path = Pods_ListGithub_ListGithubUITests.framework; sourceTree = BUILT_PRODUCTS_DIR; };
/* End PBXFileReference section */

/* Begin PBXFrameworksBuildPhase section */
		6DD0B9F62387F0EA0041EF4D /* Frameworks */ = {
			isa = PBXFrameworksBuildPhase;
			buildActionMask = 2147483647;
			files = (
				F6B5DC2E2F3AED3E991F1846 /* Pods_ListGithub.framework in Frameworks */,
			);
			runOnlyForDeploymentPostprocessing = 0;
		};
		6DD0BA0C2387F0EC0041EF4D /* Frameworks */ = {
			isa = PBXFrameworksBuildPhase;
			buildActionMask = 2147483647;
			files = (
				68FCF37A88BA1EEF69ACE351 /* Pods_ListGithubTests.framework in Frameworks */,
			);
			runOnlyForDeploymentPostprocessing = 0;
		};
		6DD0BA172387F0EC0041EF4D /* Frameworks */ = {
			isa = PBXFrameworksBuildPhase;
			buildActionMask = 2147483647;
			files = (
				3140E88E9B85059D8332B039 /* Pods_ListGithub_ListGithubUITests.framework in Frameworks */,
			);
			runOnlyForDeploymentPostprocessing = 0;
		};
/* End PBXFrameworksBuildPhase section */

/* Begin PBXGroup section */
		6DD0B9F02387F0EA0041EF4D = {
			isa = PBXGroup;
			children = (
				6DD0B9FB2387F0EA0041EF4D /* ListGithub */,
				6DD0BA122387F0EC0041EF4D /* ListGithubTests */,
				6DD0BA1D2387F0EC0041EF4D /* ListGithubUITests */,
				6DD0B9FA2387F0EA0041EF4D /* Products */,
				79B237B4CD90BB634C86CFE9 /* Pods */,
				82531EB98D1B938C98E9E226 /* Frameworks */,
			);
			sourceTree = "<group>";
		};
		6DD0B9FA2387F0EA0041EF4D /* Products */ = {
			isa = PBXGroup;
			children = (
				6DD0B9F92387F0EA0041EF4D /* ListGithub.app */,
				6DD0BA0F2387F0EC0041EF4D /* ListGithubTests.xctest */,
				6DD0BA1A2387F0EC0041EF4D /* ListGithubUITests.xctest */,
			);
			name = Products;
			sourceTree = "<group>";
		};
		6DD0B9FB2387F0EA0041EF4D /* ListGithub */ = {
			isa = PBXGroup;
			children = (
				6DD0B9FC2387F0EA0041EF4D /* AppDelegate.swift */,
				6DD0B9FE2387F0EA0041EF4D /* SceneDelegate.swift */,
				6DD0BA002387F0EA0041EF4D /* ViewController.swift */,
				6DD0BA022387F0EA0041EF4D /* Main.storyboard */,
				6DD0BA052387F0EC0041EF4D /* Assets.xcassets */,
				6DD0BA072387F0EC0041EF4D /* LaunchScreen.storyboard */,
				6DD0BA0A2387F0EC0041EF4D /* Info.plist */,
			);
			path = ListGithub;
			sourceTree = "<group>";
		};
		6DD0BA122387F0EC0041EF4D /* ListGithubTests */ = {
			isa = PBXGroup;
			children = (
				6DD0BA132387F0EC0041EF4D /* ListGithubTests.swift */,
				6DD0BA152387F0EC0041EF4D /* Info.plist */,
			);
			path = ListGithubTests;
			sourceTree = "<group>";
		};
		6DD0BA1D2387F0EC0041EF4D /* ListGithubUITests */ = {
			isa = PBXGroup;
			children = (
				6DD0BA1E2387F0EC0041EF4D /* ListGithubUITests.swift */,
				6DD0BA202387F0EC0041EF4D /* Info.plist */,
			);
			path = ListGithubUITests;
			sourceTree = "<group>";
		};
		79B237B4CD90BB634C86CFE9 /* Pods */ = {
			isa = PBXGroup;
			children = (
				A62FA4C69067E583772A33A7 /* Pods-ListGithub.debug.xcconfig */,
				CE466E831A428003BBCFD063 /* Pods-ListGithub.release.xcconfig */,
				31CD6A5ACCBE86EDAF8616CA /* Pods-ListGithub-ListGithubUITests.debug.xcconfig */,
				1EC7C865EF3DE2097836F98E /* Pods-ListGithub-ListGithubUITests.release.xcconfig */,
				5F53E1D85C4CE13613335DE7 /* Pods-ListGithubTests.debug.xcconfig */,
				51B07197FD58BF136FEA9AE8 /* Pods-ListGithubTests.release.xcconfig */,
			);
			name = Pods;
			path = Pods;
			sourceTree = "<group>";
		};
		82531EB98D1B938C98E9E226 /* Frameworks */ = {
			isa = PBXGroup;
			children = (
				5E84D11E4F1486AC771EA4B2 /* Pods_ListGithub.framework */,
				F101D59455E441891F4D9E1E /* Pods_ListGithub_ListGithubUITests.framework */,
				31657A6DD95A34A48C9CF9A7 /* Pods_ListGithubTests.framework */,
			);
			name = Frameworks;
			sourceTree = "<group>";
		};
/* End PBXGroup section */

/* Begin PBXNativeTarget section */
		6DD0B9F82387F0EA0041EF4D /* ListGithub */ = {
			isa = PBXNativeTarget;
			buildConfigurationList = 6DD0BA232387F0EC0041EF4D /* Build configuration list for PBXNativeTarget "ListGithub" */;
			buildPhases = (
				F6C32F7725729C10065E9F6E /* [CP] Check Pods Manifest.lock */,
				6DD0B9F52387F0EA0041EF4D /* Sources */,
				6DD0B9F62387F0EA0041EF4D /* Frameworks */,
				6DD0B9F72387F0EA0041EF4D /* Resources */,
			);
			buildRules = (
			);
			dependencies = (
			);
			name = ListGithub;
			productName = ListGithub;
			productReference = 6DD0B9F92387F0EA0041EF4D /* ListGithub.app */;
			productType = "com.apple.product-type.application";
		};
		6DD0BA0E2387F0EC0041EF4D /* ListGithubTests */ = {
			isa = PBXNativeTarget;
			buildConfigurationList = 6DD0BA262387F0EC0041EF4D /* Build configuration list for PBXNativeTarget "ListGithubTests" */;
			buildPhases = (
				24BB04872E5BA51CB895DFA5 /* [CP] Check Pods Manifest.lock */,
				6DD0BA0B2387F0EC0041EF4D /* Sources */,
				6DD0BA0C2387F0EC0041EF4D /* Frameworks */,
				6DD0BA0D2387F0EC0041EF4D /* Resources */,
			);
			buildRules = (
			);
			dependencies = (
				6DD0BA112387F0EC0041EF4D /* PBXTargetDependency */,
			);
			name = ListGithubTests;
			productName = ListGithubTests;
			productReference = 6DD0BA0F2387F0EC0041EF4D /* ListGithubTests.xctest */;
			productType = "com.apple.product-type.bundle.unit-test";
		};
		6DD0BA192387F0EC0041EF4D /* ListGithubUITests */ = {
			isa = PBXNativeTarget;
			buildConfigurationList = 6DD0BA292387F0EC0041EF4D /* Build configuration list for PBXNativeTarget "ListGithubUITests" */;
			buildPhases = (
				6C4A14458E3A8A6299413A8E /* [CP] Check Pods Manifest.lock */,
				6DD0BA162387F0EC0041EF4D /* Sources */,
				6DD0BA172387F0EC0041EF4D /* Frameworks */,
				6DD0BA182387F0EC0041EF4D /* Resources */,
			);
			buildRules = (
			);
			dependencies = (
				6DD0BA1C2387F0EC0041EF4D /* PBXTargetDependency */,
			);
			name = ListGithubUITests;
			productName = ListGithubUITests;
			productReference = 6DD0BA1A2387F0EC0041EF4D /* ListGithubUITests.xctest */;
			productType = "com.apple.product-type.bundle.ui-testing";
		};
/* End PBXNativeTarget section */

/* Begin PBXProject section */
		6DD0B9F12387F0EA0041EF4D /* Project object */ = {
			isa = PBXProject;
			attributes = {
				LastSwiftUpdateCheck = 1120;
				LastUpgradeCheck = 1120;
				ORGANIZATIONNAME = Felima;
				TargetAttributes = {
					6DD0B9F82387F0EA0041EF4D = {
						CreatedOnToolsVersion = 11.2;
					};
					6DD0BA0E2387F0EC0041EF4D = {
						CreatedOnToolsVersion = 11.2;
						TestTargetID = 6DD0B9F82387F0EA0041EF4D;
					};
					6DD0BA192387F0EC0041EF4D = {
						CreatedOnToolsVersion = 11.2;
						TestTargetID = 6DD0B9F82387F0EA0041EF4D;
					};
				};
			};
			buildConfigurationList = 6DD0B9F42387F0EA0041EF4D /* Build configuration list for PBXProject "ListGithub" */;
			compatibilityVersion = "Xcode 9.3";
			developmentRegion = en;
			hasScannedForEncodings = 0;
			knownRegions = (
				en,
				Base,
			);
			mainGroup = 6DD0B9F02387F0EA0041EF4D;
			productRefGroup = 6DD0B9FA2387F0EA0041EF4D /* Products */;
			projectDirPath = "";
			projectRoot = "";
			targets = (
				6DD0B9F82387F0EA0041EF4D /* ListGithub */,
				6DD0BA0E2387F0EC0041EF4D /* ListGithubTests */,
				6DD0BA192387F0EC0041EF4D /* ListGithubUITests */,
			);
		};
/* End PBXProject section */

/* Begin PBXResourcesBuildPhase section */
		6DD0B9F72387F0EA0041EF4D /* Resources */ = {
			isa = PBXResourcesBuildPhase;
			buildActionMask = 2147483647;
			files = (
				6DD0BA092387F0EC0041EF4D /* LaunchScreen.storyboard in Resources */,
				6DD0BA062387F0EC0041EF4D /* Assets.xcassets in Resources */,
				6DD0BA042387F0EA0041EF4D /* Main.storyboard in Resources */,
			);
			runOnlyForDeploymentPostprocessing = 0;
		};
		6DD0BA0D2387F0EC0041EF4D /* Resources */ = {
			isa = PBXResourcesBuildPhase;
			buildActionMask = 2147483647;
			files = (
			);
			runOnlyForDeploymentPostprocessing = 0;
		};
		6DD0BA182387F0EC0041EF4D /* Resources */ = {
			isa = PBXResourcesBuildPhase;
			buildActionMask = 2147483647;
			files = (
			);
			runOnlyForDeploymentPostprocessing = 0;
		};
/* End PBXResourcesBuildPhase section */

/* Begin PBXShellScriptBuildPhase section */
		24BB04872E5BA51CB895DFA5 /* [CP] Check Pods Manifest.lock */ = {
			isa = PBXShellScriptBuildPhase;
			buildActionMask = 2147483647;
			files = (
			);
			inputFileListPaths = (
			);
			inputPaths = (
				"${PODS_PODFILE_DIR_PATH}/Podfile.lock",
				"${PODS_ROOT}/Manifest.lock",
			);
			name = "[CP] Check Pods Manifest.lock";
			outputFileListPaths = (
			);
			outputPaths = (
				"$(DERIVED_FILE_DIR)/Pods-ListGithubTests-checkManifestLockResult.txt",
			);
			runOnlyForDeploymentPostprocessing = 0;
			shellPath = /bin/sh;
			shellScript = "diff \"${PODS_PODFILE_DIR_PATH}/Podfile.lock\" \"${PODS_ROOT}/Manifest.lock\" > /dev/null\nif [ $? != 0 ] ; then\n    # print error to STDERR\n    echo \"error: The sandbox is not in sync with the Podfile.lock. Run 'pod install' or update your CocoaPods installation.\" >&2\n    exit 1\nfi\n# This output is used by Xcode 'outputs' to avoid re-running this script phase.\necho \"SUCCESS\" > \"${SCRIPT_OUTPUT_FILE_0}\"\n";
			showEnvVarsInLog = 0;
		};
		6C4A14458E3A8A6299413A8E /* [CP] Check Pods Manifest.lock */ = {
			isa = PBXShellScriptBuildPhase;
			buildActionMask = 2147483647;
			files = (
			);
			inputFileListPaths = (
			);
			inputPaths = (
				"${PODS_PODFILE_DIR_PATH}/Podfile.lock",
				"${PODS_ROOT}/Manifest.lock",
			);
			name = "[CP] Check Pods Manifest.lock";
			outputFileListPaths = (
			);
			outputPaths = (
				"$(DERIVED_FILE_DIR)/Pods-ListGithub-ListGithubUITests-checkManifestLockResult.txt",
			);
			runOnlyForDeploymentPostprocessing = 0;
			shellPath = /bin/sh;
			shellScript = "diff \"${PODS_PODFILE_DIR_PATH}/Podfile.lock\" \"${PODS_ROOT}/Manifest.lock\" > /dev/null\nif [ $? != 0 ] ; then\n    # print error to STDERR\n    echo \"error: The sandbox is not in sync with the Podfile.lock. Run 'pod install' or update your CocoaPods installation.\" >&2\n    exit 1\nfi\n# This output is used by Xcode 'outputs' to avoid re-running this script phase.\necho \"SUCCESS\" > \"${SCRIPT_OUTPUT_FILE_0}\"\n";
			showEnvVarsInLog = 0;
		};
		F6C32F7725729C10065E9F6E /* [CP] Check Pods Manifest.lock */ = {
			isa = PBXShellScriptBuildPhase;
			buildActionMask = 2147483647;
			files = (
			);
			inputFileListPaths = (
			);
			inputPaths = (
				"${PODS_PODFILE_DIR_PATH}/Podfile.lock",
				"${PODS_ROOT}/Manifest.lock",
			);
			name = "[CP] Check Pods Manifest.lock";
			outputFileListPaths = (
			);
			outputPaths = (
				"$(DERIVED_FILE_DIR)/Pods-ListGithub-checkManifestLockResult.txt",
			);
			runOnlyForDeploymentPostprocessing = 0;
			shellPath = /bin/sh;
			shellScript = "diff \"${PODS_PODFILE_DIR_PATH}/Podfile.lock\" \"${PODS_ROOT}/Manifest.lock\" > /dev/null\nif [ $? != 0 ] ; then\n    # print error to STDERR\n    echo \"error: The sandbox is not in sync with the Podfile.lock. Run 'pod install' or update your CocoaPods installation.\" >&2\n    exit 1\nfi\n# This output is used by Xcode 'outputs' to avoid re-running this script phase.\necho \"SUCCESS\" > \"${SCRIPT_OUTPUT_FILE_0}\"\n";
			showEnvVarsInLog = 0;
		};
/* End PBXShellScriptBuildPhase section */

/* Begin PBXSourcesBuildPhase section */
		6DD0B9F52387F0EA0041EF4D /* Sources */ = {
			isa = PBXSourcesBuildPhase;
			buildActionMask = 2147483647;
			files = (
				6DD0BA012387F0EA0041EF4D /* ViewController.swift in Sources */,
				6DD0B9FD2387F0EA0041EF4D /* AppDelegate.swift in Sources */,
				6DD0B9FF2387F0EA0041EF4D /* SceneDelegate.swift in Sources */,
			);
			runOnlyForDeploymentPostprocessing = 0;
		};
		6DD0BA0B2387F0EC0041EF4D /* Sources */ = {
			isa = PBXSourcesBuildPhase;
			buildActionMask = 2147483647;
			files = (
				6DD0BA142387F0EC0041EF4D /* ListGithubTests.swift in Sources */,
			);
			runOnlyForDeploymentPostprocessing = 0;
		};
		6DD0BA162387F0EC0041EF4D /* Sources */ = {
			isa = PBXSourcesBuildPhase;
			buildActionMask = 2147483647;
			files = (
				6DD0BA1F2387F0EC0041EF4D /* ListGithubUITests.swift in Sources */,
			);
			runOnlyForDeploymentPostprocessing = 0;
		};
/* End PBXSourcesBuildPhase section */

/* Begin PBXTargetDependency section */
		6DD0BA112387F0EC0041EF4D /* PBXTargetDependency */ = {
			isa = PBXTargetDependency;
			target = 6DD0B9F82387F0EA0041EF4D /* ListGithub */;
			targetProxy = 6DD0BA102387F0EC0041EF4D /* PBXContainerItemProxy */;
		};
		6DD0BA1C2387F0EC0041EF4D /* PBXTargetDependency */ = {
			isa = PBXTargetDependency;
			target = 6DD0B9F82387F0EA0041EF4D /* ListGithub */;
			targetProxy = 6DD0BA1B2387F0EC0041EF4D /* PBXContainerItemProxy */;
		};
/* End PBXTargetDependency section */

/* Begin PBXVariantGroup section */
		6DD0BA022387F0EA0041EF4D /* Main.storyboard */ = {
			isa = PBXVariantGroup;
			children = (
				6DD0BA032387F0EA0041EF4D /* Base */,
			);
			name = Main.storyboard;
			sourceTree = "<group>";
		};
		6DD0BA072387F0EC0041EF4D /* LaunchScreen.storyboard */ = {
			isa = PBXVariantGroup;
			children = (
				6DD0BA082387F0EC0041EF4D /* Base */,
			);
			name = LaunchScreen.storyboard;
			sourceTree = "<group>";
		};
/* End PBXVariantGroup section */

/* Begin XCBuildConfiguration section */
		6DD0BA212387F0EC0041EF4D /* Debug */ = {
			isa = XCBuildConfiguration;
			buildSettings = {
				ALWAYS_SEARCH_USER_PATHS = NO;
				CLANG_ANALYZER_NONNULL = YES;
				CLANG_ANALYZER_NUMBER_OBJECT_CONVERSION = YES_AGGRESSIVE;
				CLANG_CXX_LANGUAGE_STANDARD = "gnu++14";
				CLANG_CXX_LIBRARY = "libc++";
				CLANG_ENABLE_MODULES = YES;
				CLANG_ENABLE_OBJC_ARC = YES;
				CLANG_ENABLE_OBJC_WEAK = YES;
				CLANG_WARN_BLOCK_CAPTURE_AUTORELEASING = YES;
				CLANG_WARN_BOOL_CONVERSION = YES;
				CLANG_WARN_COMMA = YES;
				CLANG_WARN_CONSTANT_CONVERSION = YES;
				CLANG_WARN_DEPRECATED_OBJC_IMPLEMENTATIONS = YES;
				CLANG_WARN_DIRECT_OBJC_ISA_USAGE = YES_ERROR;
				CLANG_WARN_DOCUMENTATION_COMMENTS = YES;
				CLANG_WARN_EMPTY_BODY = YES;
				CLANG_WARN_ENUM_CONVERSION = YES;
				CLANG_WARN_INFINITE_RECURSION = YES;
				CLANG_WARN_INT_CONVERSION = YES;
				CLANG_WARN_NON_LITERAL_NULL_CONVERSION = YES;
				CLANG_WARN_OBJC_IMPLICIT_RETAIN_SELF = YES;
				CLANG_WARN_OBJC_LITERAL_CONVERSION = YES;
				CLANG_WARN_OBJC_ROOT_CLASS = YES_ERROR;
				CLANG_WARN_RANGE_LOOP_ANALYSIS = YES;
				CLANG_WARN_STRICT_PROTOTYPES = YES;
				CLANG_WARN_SUSPICIOUS_MOVE = YES;
				CLANG_WARN_UNGUARDED_AVAILABILITY = YES_AGGRESSIVE;
				CLANG_WARN_UNREACHABLE_CODE = YES;
				CLANG_WARN__DUPLICATE_METHOD_MATCH = YES;
				COPY_PHASE_STRIP = NO;
				DEBUG_INFORMATION_FORMAT = dwarf;
				ENABLE_STRICT_OBJC_MSGSEND = YES;
				ENABLE_TESTABILITY = YES;
				GCC_C_LANGUAGE_STANDARD = gnu11;
				GCC_DYNAMIC_NO_PIC = NO;
				GCC_NO_COMMON_BLOCKS = YES;
				GCC_OPTIMIZATION_LEVEL = 0;
				GCC_PREPROCESSOR_DEFINITIONS = (
					"DEBUG=1",
					"$(inherited)",
				);
				GCC_WARN_64_TO_32_BIT_CONVERSION = YES;
				GCC_WARN_ABOUT_RETURN_TYPE = YES_ERROR;
				GCC_WARN_UNDECLARED_SELECTOR = YES;
				GCC_WARN_UNINITIALIZED_AUTOS = YES_AGGRESSIVE;
				GCC_WARN_UNUSED_FUNCTION = YES;
				GCC_WARN_UNUSED_VARIABLE = YES;
				IPHONEOS_DEPLOYMENT_TARGET = 13.2;
				MTL_ENABLE_DEBUG_INFO = INCLUDE_SOURCE;
				MTL_FAST_MATH = YES;
				ONLY_ACTIVE_ARCH = YES;
				SDKROOT = iphoneos;
				SWIFT_ACTIVE_COMPILATION_CONDITIONS = DEBUG;
				SWIFT_OPTIMIZATION_LEVEL = "-Onone";
			};
			name = Debug;
		};
		6DD0BA222387F0EC0041EF4D /* Release */ = {
			isa = XCBuildConfiguration;
			buildSettings = {
				ALWAYS_SEARCH_USER_PATHS = NO;
				CLANG_ANALYZER_NONNULL = YES;
				CLANG_ANALYZER_NUMBER_OBJECT_CONVERSION = YES_AGGRESSIVE;
				CLANG_CXX_LANGUAGE_STANDARD = "gnu++14";
				CLANG_CXX_LIBRARY = "libc++";
				CLANG_ENABLE_MODULES = YES;
				CLANG_ENABLE_OBJC_ARC = YES;
				CLANG_ENABLE_OBJC_WEAK = YES;
				CLANG_WARN_BLOCK_CAPTURE_AUTORELEASING = YES;
				CLANG_WARN_BOOL_CONVERSION = YES;
				CLANG_WARN_COMMA = YES;
				CLANG_WARN_CONSTANT_CONVERSION = YES;
				CLANG_WARN_DEPRECATED_OBJC_IMPLEMENTATIONS = YES;
				CLANG_WARN_DIRECT_OBJC_ISA_USAGE = YES_ERROR;
				CLANG_WARN_DOCUMENTATION_COMMENTS = YES;
				CLANG_WARN_EMPTY_BODY = YES;
				CLANG_WARN_ENUM_CONVERSION = YES;
				CLANG_WARN_INFINITE_RECURSION = YES;
				CLANG_WARN_INT_CONVERSION = YES;
				CLANG_WARN_NON_LITERAL_NULL_CONVERSION = YES;
				CLANG_WARN_OBJC_IMPLICIT_RETAIN_SELF = YES;
				CLANG_WARN_OBJC_LITERAL_CONVERSION = YES;
				CLANG_WARN_OBJC_ROOT_CLASS = YES_ERROR;
				CLANG_WARN_RANGE_LOOP_ANALYSIS = YES;
				CLANG_WARN_STRICT_PROTOTYPES = YES;
				CLANG_WARN_SUSPICIOUS_MOVE = YES;
				CLANG_WARN_UNGUARDED_AVAILABILITY = YES_AGGRESSIVE;
				CLANG_WARN_UNREACHABLE_CODE = YES;
				CLANG_WARN__DUPLICATE_METHOD_MATCH = YES;
				COPY_PHASE_STRIP = NO;
				DEBUG_INFORMATION_FORMAT = "dwarf-with-dsym";
				ENABLE_NS_ASSERTIONS = NO;
				ENABLE_STRICT_OBJC_MSGSEND = YES;
				GCC_C_LANGUAGE_STANDARD = gnu11;
				GCC_NO_COMMON_BLOCKS = YES;
				GCC_WARN_64_TO_32_BIT_CONVERSION = YES;
				GCC_WARN_ABOUT_RETURN_TYPE = YES_ERROR;
				GCC_WARN_UNDECLARED_SELECTOR = YES;
				GCC_WARN_UNINITIALIZED_AUTOS = YES_AGGRESSIVE;
				GCC_WARN_UNUSED_FUNCTION = YES;
				GCC_WARN_UNUSED_VARIABLE = YES;
				IPHONEOS_DEPLOYMENT_TARGET = 13.2;
				MTL_ENABLE_DEBUG_INFO = NO;
				MTL_FAST_MATH = YES;
				SDKROOT = iphoneos;
				SWIFT_COMPILATION_MODE = wholemodule;
				SWIFT_OPTIMIZATION_LEVEL = "-O";
				VALIDATE_PRODUCT = YES;
			};
			name = Release;
		};
		6DD0BA242387F0EC0041EF4D /* Debug */ = {
			isa = XCBuildConfiguration;
			baseConfigurationReference = A62FA4C69067E583772A33A7 /* Pods-ListGithub.debug.xcconfig */;
			buildSettings = {
				ASSETCATALOG_COMPILER_APPICON_NAME = AppIcon;
				CODE_SIGN_STYLE = Automatic;
				DEVELOPMENT_TEAM = 7NBD68U8QX;
				INFOPLIST_FILE = ListGithub/Info.plist;
				LD_RUNPATH_SEARCH_PATHS = (
					"$(inherited)",
					"@executable_path/Frameworks",
				);
				PRODUCT_BUNDLE_IDENTIFIER = com.felima.ListGithub;
				PRODUCT_NAME = "$(TARGET_NAME)";
				SWIFT_VERSION = 5.0;
				TARGETED_DEVICE_FAMILY = "1,2";
			};
			name = Debug;
		};
		6DD0BA252387F0EC0041EF4D /* Release */ = {
			isa = XCBuildConfiguration;
			baseConfigurationReference = CE466E831A428003BBCFD063 /* Pods-ListGithub.release.xcconfig */;
			buildSettings = {
				ASSETCATALOG_COMPILER_APPICON_NAME = AppIcon;
				CODE_SIGN_STYLE = Automatic;
				DEVELOPMENT_TEAM = 7NBD68U8QX;
				INFOPLIST_FILE = ListGithub/Info.plist;
				LD_RUNPATH_SEARCH_PATHS = (
					"$(inherited)",
					"@executable_path/Frameworks",
				);
				PRODUCT_BUNDLE_IDENTIFIER = com.felima.ListGithub;
				PRODUCT_NAME = "$(TARGET_NAME)";
				SWIFT_VERSION = 5.0;
				TARGETED_DEVICE_FAMILY = "1,2";
			};
			name = Release;
		};
		6DD0BA272387F0EC0041EF4D /* Debug */ = {
			isa = XCBuildConfiguration;
			baseConfigurationReference = 5F53E1D85C4CE13613335DE7 /* Pods-ListGithubTests.debug.xcconfig */;
			buildSettings = {
				ALWAYS_EMBED_SWIFT_STANDARD_LIBRARIES = YES;
				BUNDLE_LOADER = "$(TEST_HOST)";
				CODE_SIGN_STYLE = Automatic;
				DEVELOPMENT_TEAM = 7NBD68U8QX;
				INFOPLIST_FILE = ListGithubTests/Info.plist;
				IPHONEOS_DEPLOYMENT_TARGET = 13.2;
				LD_RUNPATH_SEARCH_PATHS = (
					"$(inherited)",
					"@executable_path/Frameworks",
					"@loader_path/Frameworks",
				);
				PRODUCT_BUNDLE_IDENTIFIER = com.felima.ListGithubTests;
				PRODUCT_NAME = "$(TARGET_NAME)";
				SWIFT_VERSION = 5.0;
				TARGETED_DEVICE_FAMILY = "1,2";
				TEST_HOST = "$(BUILT_PRODUCTS_DIR)/ListGithub.app/ListGithub";
			};
			name = Debug;
		};
		6DD0BA282387F0EC0041EF4D /* Release */ = {
			isa = XCBuildConfiguration;
			baseConfigurationReference = 51B07197FD58BF136FEA9AE8 /* Pods-ListGithubTests.release.xcconfig */;
			buildSettings = {
				ALWAYS_EMBED_SWIFT_STANDARD_LIBRARIES = YES;
				BUNDLE_LOADER = "$(TEST_HOST)";
				CODE_SIGN_STYLE = Automatic;
				DEVELOPMENT_TEAM = 7NBD68U8QX;
				INFOPLIST_FILE = ListGithubTests/Info.plist;
				IPHONEOS_DEPLOYMENT_TARGET = 13.2;
				LD_RUNPATH_SEARCH_PATHS = (
					"$(inherited)",
					"@executable_path/Frameworks",
					"@loader_path/Frameworks",
				);
				PRODUCT_BUNDLE_IDENTIFIER = com.felima.ListGithubTests;
				PRODUCT_NAME = "$(TARGET_NAME)";
				SWIFT_VERSION = 5.0;
				TARGETED_DEVICE_FAMILY = "1,2";
				TEST_HOST = "$(BUILT_PRODUCTS_DIR)/ListGithub.app/ListGithub";
			};
			name = Release;
		};
		6DD0BA2A2387F0EC0041EF4D /* Debug */ = {
			isa = XCBuildConfiguration;
			baseConfigurationReference = 31CD6A5ACCBE86EDAF8616CA /* Pods-ListGithub-ListGithubUITests.debug.xcconfig */;
			buildSettings = {
				ALWAYS_EMBED_SWIFT_STANDARD_LIBRARIES = YES;
				CODE_SIGN_STYLE = Automatic;
				DEVELOPMENT_TEAM = 7NBD68U8QX;
				INFOPLIST_FILE = ListGithubUITests/Info.plist;
				LD_RUNPATH_SEARCH_PATHS = (
					"$(inherited)",
					"@executable_path/Frameworks",
					"@loader_path/Frameworks",
				);
				PRODUCT_BUNDLE_IDENTIFIER = com.felima.ListGithubUITests;
				PRODUCT_NAME = "$(TARGET_NAME)";
				SWIFT_VERSION = 5.0;
				TARGETED_DEVICE_FAMILY = "1,2";
				TEST_TARGET_NAME = ListGithub;
			};
			name = Debug;
		};
		6DD0BA2B2387F0EC0041EF4D /* Release */ = {
			isa = XCBuildConfiguration;
			baseConfigurationReference = 1EC7C865EF3DE2097836F98E /* Pods-ListGithub-ListGithubUITests.release.xcconfig */;
			buildSettings = {
				ALWAYS_EMBED_SWIFT_STANDARD_LIBRARIES = YES;
				CODE_SIGN_STYLE = Automatic;
				DEVELOPMENT_TEAM = 7NBD68U8QX;
				INFOPLIST_FILE = ListGithubUITests/Info.plist;
				LD_RUNPATH_SEARCH_PATHS = (
					"$(inherited)",
					"@executable_path/Frameworks",
					"@loader_path/Frameworks",
				);
				PRODUCT_BUNDLE_IDENTIFIER = com.felima.ListGithubUITests;
				PRODUCT_NAME = "$(TARGET_NAME)";
				SWIFT_VERSION = 5.0;
				TARGETED_DEVICE_FAMILY = "1,2";
				TEST_TARGET_NAME = ListGithub;
			};
			name = Release;
		};
/* End XCBuildConfiguration section */

/* Begin XCConfigurationList section */
		6DD0B9F42387F0EA0041EF4D /* Build configuration list for PBXProject "ListGithub" */ = {
			isa = XCConfigurationList;
			buildConfigurations = (
				6DD0BA212387F0EC0041EF4D /* Debug */,
				6DD0BA222387F0EC0041EF4D /* Release */,
			);
			defaultConfigurationIsVisible = 0;
			defaultConfigurationName = Release;
		};
		6DD0BA232387F0EC0041EF4D /* Build configuration list for PBXNativeTarget "ListGithub" */ = {
			isa = XCConfigurationList;
			buildConfigurations = (
				6DD0BA242387F0EC0041EF4D /* Debug */,
				6DD0BA252387F0EC0041EF4D /* Release */,
			);
			defaultConfigurationIsVisible = 0;
			defaultConfigurationName = Release;
		};
		6DD0BA262387F0EC0041EF4D /* Build configuration list for PBXNativeTarget "ListGithubTests" */ = {
			isa = XCConfigurationList;
			buildConfigurations = (
				6DD0BA272387F0EC0041EF4D /* Debug */,
				6DD0BA282387F0EC0041EF4D /* Release */,
			);
			defaultConfigurationIsVisible = 0;
			defaultConfigurationName = Release;
		};
		6DD0BA292387F0EC0041EF4D /* Build configuration list for PBXNativeTarget "ListGithubUITests" */ = {
			isa = XCConfigurationList;
			buildConfigurations = (
				6DD0BA2A2387F0EC0041EF4D /* Debug */,
				6DD0BA2B2387F0EC0041EF4D /* Release */,
			);
			defaultConfigurationIsVisible = 0;
			defaultConfigurationName = Release;
		};
/* End XCConfigurationList section */
	};
	rootObject = 6DD0B9F12387F0EA0041EF4D /* Project object */;
}
